{
  "name": "@imyourboyroy/wcagate",
  "version": "2.3.1",
  "lockfileVersion": 3,
  "requires": true,
  "packages": {
    "": {
      "name": "@imyourboyroy/wcagate",
      "version": "2.3.1",
      "license": "MIT",
      "bin": {
        "wcagate": "bin/wcagate.mjs",
        "wcagate-mcp": "bin/wcagate-mcp.mjs"
      },
      "devDependencies": {
        "typescript": "^6.0.3"
      },
      "engines": {
        "node": ">=24.0.0"
      },
      "peerDependencies": {
        "@axe-core/playwright": ">=4.10.0 <5",
        "playwright": ">=1.50.0 <2",
        "svelte": ">=5.0.0 <7"
      },
      "peerDependenciesMeta": {
        "@axe-core/playwright": {
          "optional": true
        },
        "playwright": {
          "optional": true
        },
        "svelte": {
          "optional": true
        }
      }
    },
    "node_modules/typescript": {
      "version": "6.0.3",
      "resolved": "https://registry.npmjs.org/typescript/-/typescript-6.0.3.tgz",
      "integrity": "sha512-y2TvuxSZPDyQakkFRPZHKFm+KKVqIisdg9/CZwm9ftvKXLP8NRWj38/ODjNbr43SsoXqNuAisEf1GdCxqWcdBw==",
      "dev": true,
      "license": "Apache-2.0",
      "bin": {
        "tsc": "bin/tsc",
        "tsserver": "bin/tsserver"
      },
      "engines": {
        "node": ">=14.17"
      }
    }
  }
}
